// !$*UTF8*$!
{
	archiveVersion = 1;
	classes = {
	};
	objectVersion = 46;
	objects = {

/* Begin PBXBuildFile section */
		B229DBB71A9A925D00A1B4C4 /* main.m in Sources */ = {isa = PBXBuildFile; fileRef = B229DBB61A9A925D00A1B4C4 /* main.m */; };
		B229DBBA1A9A925D00A1B4C4 /* AppDelegate.m in Sources */ = {isa = PBXBuildFile; fileRef = B229DBB91A9A925D00A1B4C4 /* AppDelegate.m */; };
		B229DBBD1A9A925D00A1B4C4 /* FirstViewController.m in Sources */ = {isa = PBXBuildFile; fileRef = B229DBBC1A9A925D00A1B4C4 /* FirstViewController.m */; };
		B229DBC01A9A925D00A1B4C4 /* SecondViewController.m in Sources */ = {isa = PBXBuildFile; fileRef = B229DBBF1A9A925D00A1B4C4 /* SecondViewController.m */; };
		B229DBC31A9A925D00A1B4C4 /* Main.storyboard in Resources */ = {isa = PBXBuildFile; fileRef = B229DBC11A9A925D00A1B4C4 /* Main.storyboard */; };
		B229DBC51A9A925D00A1B4C4 /* Images.xcassets in Resources */ = {isa = PBXBuildFile; fileRef = B229DBC41A9A925D00A1B4C4 /* Images.xcassets */; };
		B229DBC81A9A925D00A1B4C4 /* LaunchScreen.xib in Resources */ = {isa = PBXBuildFile; fileRef = B229DBC61A9A925D00A1B4C4 /* LaunchScreen.xib */; };
		B229DBD41A9A925E00A1B4C4 /* OperationRedNoseTests.m in Sources */ = {isa = PBXBuildFile; fileRef = B229DBD31A9A925E00A1B4C4 /* OperationRedNoseTests.m */; };
/* End PBXBuildFile section */

/* Begin PBXContainerItemProxy section */
		B229DBCE1A9A925E00A1B4C4 /* PBXContainerItemProxy */ = {
			isa = PBXContainerItemProxy;
			containerPortal = B229DBA91A9A925D00A1B4C4 /* Project object */;
			proxyType = 1;
			remoteGlobalIDString = B229DBB01A9A925D00A1B4C4;
			remoteInfo = OperationRedNose;
		};
/* End PBXContainerItemProxy section */

/* Begin PBXFileReference section */
		B229DBB11A9A925D00A1B4C4 /* OperationRedNose.app */ = {isa = PBXFileReference; explicitFileType = wrapper.application; includeInIndex = 0; path = OperationRedNose.app; sourceTree = BUILT_PRODUCTS_DIR; };
		B229DBB51A9A925D00A1B4C4 /* Info.plist */ = {isa = PBXFileReference; lastKnownFileType = text.plist.xml; path = Info.plist; sourceTree = "<group>"; };
		B229DBB61A9A925D00A1B4C4 /* main.m */ = {isa = PBXFileReference; lastKnownFileType = sourcecode.c.objc; path = main.m; sourceTree = "<group>"; };
		B229DBB81A9A925D00A1B4C4 /* AppDelegate.h */ = {isa = PBXFileReference; lastKnownFileType = sourcecode.c.h; path = AppDelegate.h; sourceTree = "<group>"; };
		B229DBB91A9A925D00A1B4C4 /* AppDelegate.m */ = {isa = PBXFileReference; lastKnownFileType = sourcecode.c.objc; path = AppDelegate.m; sourceTree = "<group>"; };
		B229DBBB1A9A925D00A1B4C4 /* FirstViewController.h */ = {isa = PBXFileReference; lastKnownFileType = sourcecode.c.h; path = FirstViewController.h; sourceTree = "<group>"; };
		B229DBBC1A9A925D00A1B4C4 /* FirstViewController.m */ = {isa = PBXFileReference; lastKnownFileType = sourcecode.c.objc; path = FirstViewController.m; sourceTree = "<group>"; };
		B229DBBE1A9A925D00A1B4C4 /* SecondViewController.h */ = {isa = PBXFileReference; lastKnownFileType = sourcecode.c.h; path = SecondViewController.h; sourceTree = "<group>"; };
		B229DBBF1A9A925D00A1B4C4 /* SecondViewController.m */ = {isa = PBXFileReference; lastKnownFileType = sourcecode.c.objc; path = SecondViewController.m; sourceTree = "<group>"; };
		B229DBC21A9A925D00A1B4C4 /* Base */ = {isa = PBXFileReference; lastKnownFileType = file.storyboard; name = Base; path = Base.lproj/Main.storyboard; sourceTree = "<group>"; };
		B229DBC41A9A925D00A1B4C4 /* Images.xcassets */ = {isa = PBXFileReference; lastKnownFileType = folder.assetcatalog; path = Images.xcassets; sourceTree = "<group>"; };
		B229DBC71A9A925D00A1B4C4 /* Base */ = {isa = PBXFileReference; lastKnownFileType = file.xib; name = Base; path = Base.lproj/LaunchScreen.xib; sourceTree = "<group>"; };
		B229DBCD1A9A925E00A1B4C4 /* OperationRedNoseTests.xctest */ = {isa = PBXFileReference; explicitFileType = wrapper.cfbundle; includeInIndex = 0; path = OperationRedNoseTests.xctest; sourceTree = BUILT_PRODUCTS_DIR; };
		B229DBD21A9A925E00A1B4C4 /* Info.plist */ = {isa = PBXFileReference; lastKnownFileType = text.plist.xml; path = Info.plist; sourceTree = "<group>"; };
		B229DBD31A9A925E00A1B4C4 /* OperationRedNoseTests.m */ = {isa = PBXFileReference; lastKnownFileType = sourcecode.c.objc; path = OperationRedNoseTests.m; sourceTree = "<group>"; };
/* End PBXFileReference section */

/* Begin PBXFrameworksBuildPhase section */
		B229DBAE1A9A925D00A1B4C4 /* Frameworks */ = {
			isa = PBXFrameworksBuildPhase;
			buildActionMask = 2147483647;
			files = (
			);
			runOnlyForDeploymentPostprocessing = 0;
		};
		B229DBCA1A9A925E00A1B4C4 /* Frameworks */ = {
			isa = PBXFrameworksBuildPhase;
			buildActionMask = 2147483647;
			files = (
			);
			runOnlyForDeploymentPostprocessing = 0;
		};
/* End PBXFrameworksBuildPhase section */

/* Begin PBXGroup section */
		B229DBA81A9A925D00A1B4C4 = {
			isa = PBXGroup;
			children = (
				B229DBB31A9A925D00A1B4C4 /* OperationRedNose */,
				B229DBD01A9A925E00A1B4C4 /* OperationRedNoseTests */,
				B229DBB21A9A925D00A1B4C4 /* Products */,
			);
			sourceTree = "<group>";
		};
		B229DBB21A9A925D00A1B4C4 /* Products */ = {
			isa = PBXGroup;
			children = (
				B229DBB11A9A925D00A1B4C4 /* OperationRedNose.app */,
				B229DBCD1A9A925E00A1B4C4 /* OperationRedNoseTests.xctest */,
			);
			name = Products;
			sourceTree = "<group>";
		};
		B229DBB31A9A925D00A1B4C4 /* OperationRedNose */ = {
			isa = PBXGroup;
			children = (
				B229DBB81A9A925D00A1B4C4 /* AppDelegate.h */,
				B229DBB91A9A925D00A1B4C4 /* AppDelegate.m */,
				B229DBBB1A9A925D00A1B4C4 /* FirstViewController.h */,
				B229DBBC1A9A925D00A1B4C4 /* FirstViewController.m */,
				B229DBBE1A9A925D00A1B4C4 /* SecondViewController.h */,
				B229DBBF1A9A925D00A1B4C4 /* SecondViewController.m */,
				B229DBC11A9A925D00A1B4C4 /* Main.storyboard */,
				B229DBC41A9A925D00A1B4C4 /* Images.xcassets */,
				B229DBC61A9A925D00A1B4C4 /* LaunchScreen.xib */,
				B229DBB41A9A925D00A1B4C4 /* Supporting Files */,
			);
			path = OperationRedNose;
			sourceTree = "<group>";
		};
		B229DBB41A9A925D00A1B4C4 /* Supporting Files */ = {
			isa = PBXGroup;
			children = (
				B229DBB51A9A925D00A1B4C4 /* Info.plist */,
				B229DBB61A9A925D00A1B4C4 /* main.m */,
			);
			name = "Supporting Files";
			sourceTree = "<group>";
		};
		B229DBD01A9A925E00A1B4C4 /* OperationRedNoseTests */ = {
			isa = PBXGroup;
			children = (
				B229DBD31A9A925E00A1B4C4 /* OperationRedNoseTests.m */,
				B229DBD11A9A925E00A1B4C4 /* Supporting Files */,
			);
			path = OperationRedNoseTests;
			sourceTree = "<group>";
		};
		B229DBD11A9A925E00A1B4C4 /* Supporting Files */ = {
			isa = PBXGroup;
			children = (
				B229DBD21A9A925E00A1B4C4 /* Info.plist */,
			);
			name = "Supporting Files";
			sourceTree = "<group>";
		};
/* End PBXGroup section */

/* Begin PBXNativeTarget section */
		B229DBB01A9A925D00A1B4C4 /* OperationRedNose */ = {
			isa = PBXNativeTarget;
			buildConfigurationList = B229DBD71A9A925E00A1B4C4 /* Build configuration list for PBXNativeTarget "OperationRedNose" */;
			buildPhases = (
				B229DBAD1A9A925D00A1B4C4 /* Sources */,
				B229DBAE1A9A925D00A1B4C4 /* Frameworks */,
				B229DBAF1A9A925D00A1B4C4 /* Resources */,
			);
			buildRules = (
			);
			dependencies = (
			);
			name = OperationRedNose;
			productName = OperationRedNose;
			productReference = B229DBB11A9A925D00A1B4C4 /* OperationRedNose.app */;
			productType = "com.apple.product-type.application";
		};
		B229DBCC1A9A925E00A1B4C4 /* OperationRedNoseTests */ = {
			isa = PBXNativeTarget;
			buildConfigurationList = B229DBDA1A9A925E00A1B4C4 /* Build configuration list for PBXNativeTarget "OperationRedNoseTests" */;
			buildPhases = (
				B229DBC91A9A925E00A1B4C4 /* Sources */,
				B229DBCA1A9A925E00A1B4C4 /* Frameworks */,
				B229DBCB1A9A925E00A1B4C4 /* Resources */,
			);
			buildRules = (
			);
			dependencies = (
				B229DBCF1A9A925E00A1B4C4 /* PBXTargetDependency */,
			);
			name = OperationRedNoseTests;
			productName = OperationRedNoseTests;
			productReference = B229DBCD1A9A925E00A1B4C4 /* OperationRedNoseTests.xctest */;
			productType = "com.apple.product-type.bundle.unit-test";
		};
/* End PBXNativeTarget section */

/* Begin PBXProject section */
		B229DBA91A9A925D00A1B4C4 /* Project object */ = {
			isa = PBXProject;
			attributes = {
				LastUpgradeCheck = 0610;
				ORGANIZATIONNAME = "Empath Solutions";
				TargetAttributes = {
					B229DBB01A9A925D00A1B4C4 = {
						CreatedOnToolsVersion = 6.1.1;
					};
					B229DBCC1A9A925E00A1B4C4 = {
						CreatedOnToolsVersion = 6.1.1;
						TestTargetID = B229DBB01A9A925D00A1B4C4;
					};
				};
			};
			buildConfigurationList = B229DBAC1A9A925D00A1B4C4 /* Build configuration list for PBXProject "OperationRedNose" */;
			compatibilityVersion = "Xcode 3.2";
			developmentRegion = English;
			hasScannedForEncodings = 0;
			knownRegions = (
				en,
				Base,
			);
			mainGroup = B229DBA81A9A925D00A1B4C4;
			productRefGroup = B229DBB21A9A925D00A1B4C4 /* Products */;
			projectDirPath = "";
			projectRoot = "";
			targets = (
				B229DBB01A9A925D00A1B4C4 /* OperationRedNose */,
				B229DBCC1A9A925E00A1B4C4 /* OperationRedNoseTests */,
			);
		};
/* End PBXProject section */

/* Begin PBXResourcesBuildPhase section */
		B229DBAF1A9A925D00A1B4C4 /* Resources */ = {
			isa = PBXResourcesBuildPhase;
			buildActionMask = 2147483647;
			files = (
				B229DBC31A9A925D00A1B4C4 /* Main.storyboard in Resources */,
				B229DBC81A9A925D00A1B4C4 /* LaunchScreen.xib in Resources */,
				B229DBC51A9A925D00A1B4C4 /* Images.xcassets in Resources */,
			);
			runOnlyForDeploymentPostprocessing = 0;
		};
		B229DBCB1A9A925E00A1B4C4 /* Resources */ = {
			isa = PBXResourcesBuildPhase;
			buildActionMask = 2147483647;
			files = (
			);
			runOnlyForDeploymentPostprocessing = 0;
		};
/* End PBXResourcesBuildPhase section */

/* Begin PBXSourcesBuildPhase section */
		B229DBAD1A9A925D00A1B4C4 /* Sources */ = {
			isa = PBXSourcesBuildPhase;
			buildActionMask = 2147483647;
			files = (
				B229DBC01A9A925D00A1B4C4 /* SecondViewController.m in Sources */,
				B229DBBA1A9A925D00A1B4C4 /* AppDelegate.m in Sources */,
				B229DBBD1A9A925D00A1B4C4 /* FirstViewController.m in Sources */,
				B229DBB71A9A925D00A1B4C4 /* main.m in Sources */,
			);
			runOnlyForDeploymentPostprocessing = 0;
		};
		B229DBC91A9A925E00A1B4C4 /* Sources */ = {
			isa = PBXSourcesBuildPhase;
			buildActionMask = 2147483647;
			files = (
				B229DBD41A9A925E00A1B4C4 /* OperationRedNoseTests.m in Sources */,
			);
			runOnlyForDeploymentPostprocessing = 0;
		};
/* End PBXSourcesBuildPhase section */

/* Begin PBXTargetDependency section */
		B229DBCF1A9A925E00A1B4C4 /* PBXTargetDependency */ = {
			isa = PBXTargetDependency;
			target = B229DBB01A9A925D00A1B4C4 /* OperationRedNose */;
			targetProxy = B229DBCE1A9A925E00A1B4C4 /* PBXContainerItemProxy */;
		};
/* End PBXTargetDependency section */

/* Begin PBXVariantGroup section */
		B229DBC11A9A925D00A1B4C4 /* Main.storyboard */ = {
			isa = PBXVariantGroup;
			children = (
				B229DBC21A9A925D00A1B4C4 /* Base */,
			);
			name = Main.storyboard;
			sourceTree = "<group>";
		};
		B229DBC61A9A925D00A1B4C4 /* LaunchScreen.xib */ = {
			isa = PBXVariantGroup;
			children = (
				B229DBC71A9A925D00A1B4C4 /* Base */,
			);
			name = LaunchScreen.xib;
			sourceTree = "<group>";
		};
/* End PBXVariantGroup section */

/* Begin XCBuildConfiguration section */
		B229DBD51A9A925E00A1B4C4 /* Debug */ = {
			isa = XCBuildConfiguration;
			buildSettings = {
				ALWAYS_SEARCH_USER_PATHS = NO;
				CLANG_CXX_LANGUAGE_STANDARD = "gnu++0x";
				CLANG_CXX_LIBRARY = "libc++";
				CLANG_ENABLE_MODULES = YES;
				CLANG_ENABLE_OBJC_ARC = YES;
				CLANG_WARN_BOOL_CONVERSION = YES;
				CLANG_WARN_CONSTANT_CONVERSION = YES;
				CLANG_WARN_DIRECT_OBJC_ISA_USAGE = YES_ERROR;
				CLANG_WARN_EMPTY_BODY = YES;
				CLANG_WARN_ENUM_CONVERSION = YES;
				CLANG_WARN_INT_CONVERSION = YES;
				CLANG_WARN_OBJC_ROOT_CLASS = YES_ERROR;
				CLANG_WARN_UNREACHABLE_CODE = YES;
				CLANG_WARN__DUPLICATE_METHOD_MATCH = YES;
				"CODE_SIGN_IDENTITY[sdk=iphoneos*]" = "iPhone Developer";
				COPY_PHASE_STRIP = NO;
				ENABLE_STRICT_OBJC_MSGSEND = YES;
				GCC_C_LANGUAGE_STANDARD = gnu99;
				GCC_DYNAMIC_NO_PIC = NO;
				GCC_OPTIMIZATION_LEVEL = 0;
				GCC_PREPROCESSOR_DEFINITIONS = (
					"DEBUG=1",
					"$(inherited)",
				);
				GCC_SYMBOLS_PRIVATE_EXTERN = NO;
				GCC_WARN_64_TO_32_BIT_CONVERSION = YES;
				GCC_WARN_ABOUT_RETURN_TYPE = YES_ERROR;
				GCC_WARN_UNDECLARED_SELECTOR = YES;
				GCC_WARN_UNINITIALIZED_AUTOS = YES_AGGRESSIVE;
				GCC_WARN_UNUSED_FUNCTION = YES;
				GCC_WARN_UNUSED_VARIABLE = YES;
				IPHONEOS_DEPLOYMENT_TARGET = 8.1;
				MTL_ENABLE_DEBUG_INFO = YES;
				ONLY_ACTIVE_ARCH = YES;
				SDKROOT = iphoneos;
				TARGETED_DEVICE_FAMILY = "1,2";
			};
			name = Debug;
		};
		B229DBD61A9A925E00A1B4C4 /* Release */ = {
			isa = XCBuildConfiguration;
			buildSettings = {
				ALWAYS_SEARCH_USER_PATHS = NO;
				CLANG_CXX_LANGUAGE_STANDARD = "gnu++0x";
				CLANG_CXX_LIBRARY = "libc++";
				CLANG_ENABLE_MODULES = YES;
				CLANG_ENABLE_OBJC_ARC = YES;
				CLANG_WARN_BOOL_CONVERSION = YES;
				CLANG_WARN_CONSTANT_CONVERSION = YES;
				CLANG_WARN_DIRECT_OBJC_ISA_USAGE = YES_ERROR;
				CLANG_WARN_EMPTY_BODY = YES;
				CLANG_WARN_ENUM_CONVERSION = YES;
				CLANG_WARN_INT_CONVERSION = YES;
				CLANG_WARN_OBJC_ROOT_CLASS = YES_ERROR;
				CLANG_WARN_UNREACHABLE_CODE = YES;
				CLANG_WARN__DUPLICATE_METHOD_MATCH = YES;
				"CODE_SIGN_IDENTITY[sdk=iphoneos*]" = "iPhone Developer";
				COPY_PHASE_STRIP = YES;
				ENABLE_NS_ASSERTIONS = NO;
				ENABLE_STRICT_OBJC_MSGSEND = YES;
				GCC_C_LANGUAGE_STANDARD = gnu99;
				GCC_WARN_64_TO_32_BIT_CONVERSION = YES;
				GCC_WARN_ABOUT_RETURN_TYPE = YES_ERROR;
				GCC_WARN_UNDECLARED_SELECTOR = YES;
				GCC_WARN_UNINITIALIZED_AUTOS = YES_AGGRESSIVE;
				GCC_WARN_UNUSED_FUNCTION = YES;
				GCC_WARN_UNUSED_VARIABLE = YES;
				IPHONEOS_DEPLOYMENT_TARGET = 8.1;
				MTL_ENABLE_DEBUG_INFO = NO;
				SDKROOT = iphoneos;
				TARGETED_DEVICE_FAMILY = "1,2";
				VALIDATE_PRODUCT = YES;
			};
			name = Release;
		};
		B229DBD81A9A925E00A1B4C4 /* Debug */ = {
			isa = XCBuildConfiguration;
			buildSettings = {
				ASSETCATALOG_COMPILER_APPICON_NAME = AppIcon;
				INFOPLIST_FILE = OperationRedNose/Info.plist;
				LD_RUNPATH_SEARCH_PATHS = "$(inherited) @executable_path/Frameworks";
				PRODUCT_NAME = "$(TARGET_NAME)";
			};
			name = Debug;
		};
		B229DBD91A9A925E00A1B4C4 /* Release */ = {
			isa = XCBuildConfiguration;
			buildSettings = {
				ASSETCATALOG_COMPILER_APPICON_NAME = AppIcon;
				INFOPLIST_FILE = OperationRedNose/Info.plist;
				LD_RUNPATH_SEARCH_PATHS = "$(inherited) @executable_path/Frameworks";
				PRODUCT_NAME = "$(TARGET_NAME)";
			};
			name = Release;
		};
		B229DBDB1A9A925E00A1B4C4 /* Debug */ = {
			isa = XCBuildConfiguration;
			buildSettings = {
				BUNDLE_LOADER = "$(TEST_HOST)";
				FRAMEWORK_SEARCH_PATHS = (
					"$(SDKROOT)/Developer/Library/Frameworks",
					"$(inherited)",
				);
				GCC_PREPROCESSOR_DEFINITIONS = (
					"DEBUG=1",
					"$(inherited)",
				);
				INFOPLIST_FILE = OperationRedNoseTests/Info.plist;
				LD_RUNPATH_SEARCH_PATHS = "$(inherited) @executable_path/Frameworks @loader_path/Frameworks";
				PRODUCT_NAME = "$(TARGET_NAME)";
				TEST_HOST = "$(BUILT_PRODUCTS_DIR)/OperationRedNose.app/OperationRedNose";
			};
			name = Debug;
		};
		B229DBDC1A9A925E00A1B4C4 /* Release */ = {
			isa = XCBuildConfiguration;
			buildSettings = {
				BUNDLE_LOADER = "$(TEST_HOST)";
				FRAMEWORK_SEARCH_PATHS = (
					"$(SDKROOT)/Developer/Library/Frameworks",
					"$(inherited)",
				);
				INFOPLIST_FILE = OperationRedNoseTests/Info.plist;
				LD_RUNPATH_SEARCH_PATHS = "$(inherited) @executable_path/Frameworks @loader_path/Frameworks";
				PRODUCT_NAME = "$(TARGET_NAME)";
				TEST_HOST = "$(BUILT_PRODUCTS_DIR)/OperationRedNose.app/OperationRedNose";
			};
			name = Release;
		};
/* End XCBuildConfiguration section */

/* Begin XCConfigurationList section */
		B229DBAC1A9A925D00A1B4C4 /* Build configuration list for PBXProject "OperationRedNose" */ = {
			isa = XCConfigurationList;
			buildConfigurations = (
				B229DBD51A9A925E00A1B4C4 /* Debug */,
				B229DBD61A9A925E00A1B4C4 /* Release */,
			);
			defaultConfigurationIsVisible = 0;
			defaultConfigurationName = Release;
		};
		B229DBD71A9A925E00A1B4C4 /* Build configuration list for PBXNativeTarget "OperationRedNose" */ = {
			isa = XCConfigurationList;
			buildConfigurations = (
				B229DBD81A9A925E00A1B4C4 /* Debug */,
				B229DBD91A9A925E00A1B4C4 /* Release */,
			);
			defaultConfigurationIsVisible = 0;
		};
		B229DBDA1A9A925E00A1B4C4 /* Build configuration list for PBXNativeTarget "OperationRedNoseTests" */ = {
			isa = XCConfigurationList;
			buildConfigurations = (
				B229DBDB1A9A925E00A1B4C4 /* Debug */,
				B229DBDC1A9A925E00A1B4C4 /* Release */,
			);
			defaultConfigurationIsVisible = 0;
		};
/* End XCConfigurationList section */
	};
	rootObject = B229DBA91A9A925D00A1B4C4 /* Project object */;
}
