// !$*UTF8*$!
{
	archiveVersion = 1;
	classes = {
	};
	objectVersion = 47;
	objects = {

/* Begin PBXBuildFile section */
		B2078B871A9DB406004AF662 /* MainMapViewController.m in Sources */ = {isa = PBXBuildFile; fileRef = B2078B861A9DB406004AF662 /* MainMapViewController.m */; };
		B241B1DE1ABD408D0075C99E /* DatePickerTextField.m in Sources */ = {isa = PBXBuildFile; fileRef = B241B1DD1ABD408D0075C99E /* DatePickerTextField.m */; };
		B241B1E11ABD65330075C99E /* BasePickerTextField.m in Sources */ = {isa = PBXBuildFile; fileRef = B241B1E01ABD65330075C99E /* BasePickerTextField.m */; };
		B24580B51AB5460B0090758E /* NSString+StringHelpers.m in Sources */ = {isa = PBXBuildFile; fileRef = B24580B41AB5460B0090758E /* NSString+StringHelpers.m */; };
		B24580B81AB584C00090758E /* BaseNavigationController.m in Sources */ = {isa = PBXBuildFile; fileRef = B24580B71AB584C00090758E /* BaseNavigationController.m */; };
		B24BFF931BCB7CD1000B2ACE /* NSCharacterSet+CharacterSetHelpers.m in Sources */ = {isa = PBXBuildFile; fileRef = B24BFF921BCB7CD1000B2ACE /* NSCharacterSet+CharacterSetHelpers.m */; };
		B24C18711A9EF3D6008505BB /* MapKit.framework in Frameworks */ = {isa = PBXBuildFile; fileRef = B2078B821A9DAF2A004AF662 /* MapKit.framework */; };
		B24D4FD11A9D98E0008A0C7A /* ORN-Ops.xcdatamodeld in Sources */ = {isa = PBXBuildFile; fileRef = B24D4FCF1A9D98E0008A0C7A /* ORN-Ops.xcdatamodeld */; };
		B24DE0461BDE17A3004E7190 /* MKMapCamera+MapCameraHelpers.m in Sources */ = {isa = PBXBuildFile; fileRef = B24DE0451BDE17A3004E7190 /* MKMapCamera+MapCameraHelpers.m */; };
		B25220331AA0412C00C3CE00 /* DemoUtil.m in Sources */ = {isa = PBXBuildFile; fileRef = B25220321AA0412C00C3CE00 /* DemoUtil.m */; };
		B26709A91BE60E89006F3905 /* TeamAnnotationView.m in Sources */ = {isa = PBXBuildFile; fileRef = B26709A81BE60E89006F3905 /* TeamAnnotationView.m */; };
		B27533451A9DA91700B3110C /* MainTabBarController.m in Sources */ = {isa = PBXBuildFile; fileRef = B27533441A9DA91700B3110C /* MainTabBarController.m */; };
		B2761C8E1BAFFA0D0022402E /* NSNumber+NumberHelpers.m in Sources */ = {isa = PBXBuildFile; fileRef = B2761C8D1BAFFA0D0022402E /* NSNumber+NumberHelpers.m */; };
		B27B4A751A9AB1FB009277E4 /* main.m in Sources */ = {isa = PBXBuildFile; fileRef = B27B4A741A9AB1FB009277E4 /* main.m */; };
		B27B4A781A9AB1FB009277E4 /* AppDelegate.m in Sources */ = {isa = PBXBuildFile; fileRef = B27B4A771A9AB1FB009277E4 /* AppDelegate.m */; };
		B27B4A811A9AB1FB009277E4 /* Main.storyboard in Resources */ = {isa = PBXBuildFile; fileRef = B27B4A7F1A9AB1FB009277E4 /* Main.storyboard */; };
		B27B4A831A9AB1FB009277E4 /* Images.xcassets in Resources */ = {isa = PBXBuildFile; fileRef = B27B4A821A9AB1FB009277E4 /* Images.xcassets */; };
		B27B4A861A9AB1FB009277E4 /* LaunchScreen.xib in Resources */ = {isa = PBXBuildFile; fileRef = B27B4A841A9AB1FB009277E4 /* LaunchScreen.xib */; };
		B27CEDD11ACE4D1F00512FA3 /* Ride+RideHelpers.m in Sources */ = {isa = PBXBuildFile; fileRef = B27CEDD01ACE4D1F00512FA3 /* Ride+RideHelpers.m */; };
		B27CEDD71ACE852600512FA3 /* MKPolyline+PolylineHelpers.m in Sources */ = {isa = PBXBuildFile; fileRef = B27CEDD61ACE852600512FA3 /* MKPolyline+PolylineHelpers.m */; };
		B28312261AAF2A8100B7C1A9 /* BasePolyline.m in Sources */ = {isa = PBXBuildFile; fileRef = B28312251AAF2A8100B7C1A9 /* BasePolyline.m */; };
		B28312291AAF322C00B7C1A9 /* RidePolyline.m in Sources */ = {isa = PBXBuildFile; fileRef = B28312281AAF322C00B7C1A9 /* RidePolyline.m */; };
		B28A34871BC0861D00493E09 /* Ride+CoreDataProperties.m in Sources */ = {isa = PBXBuildFile; fileRef = B28A34801BC0861D00493E09 /* Ride+CoreDataProperties.m */; };
		B28A34881BC0861D00493E09 /* Ride.m in Sources */ = {isa = PBXBuildFile; fileRef = B28A34821BC0861D00493E09 /* Ride.m */; };
		B2907B841A9F1903008A0301 /* RidePointAnnotation.m in Sources */ = {isa = PBXBuildFile; fileRef = B2907B831A9F1903008A0301 /* RidePointAnnotation.m */; };
		B29CD76B1ABE9D3200B21579 /* NSDate+DateHelpers.m in Sources */ = {isa = PBXBuildFile; fileRef = B29CD76A1ABE9D3200B21579 /* NSDate+DateHelpers.m */; };
		B2A1D9741BE0A83300AEE4DE /* Team+CoreDataProperties.m in Sources */ = {isa = PBXBuildFile; fileRef = B2A1D9711BE0A83300AEE4DE /* Team+CoreDataProperties.m */; };
		B2A1D9751BE0A83300AEE4DE /* Team.m in Sources */ = {isa = PBXBuildFile; fileRef = B2A1D9731BE0A83300AEE4DE /* Team.m */; };
		B2B116BF1AB9191500F22B00 /* PickerTextField.m in Sources */ = {isa = PBXBuildFile; fileRef = B2B116BE1AB9191500F22B00 /* PickerTextField.m */; };
		B2C756151AA1905E00B148D3 /* RidesTableViewController.m in Sources */ = {isa = PBXBuildFile; fileRef = B2C756141AA1905E00B148D3 /* RidesTableViewController.m */; };
		B2C756181AA1912B00B148D3 /* RideDetailTableViewController.m in Sources */ = {isa = PBXBuildFile; fileRef = B2C756171AA1912B00B148D3 /* RideDetailTableViewController.m */; };
		B2C7561B1AA1A83100B148D3 /* TeamsTableViewController.m in Sources */ = {isa = PBXBuildFile; fileRef = B2C7561A1AA1A83100B148D3 /* TeamsTableViewController.m */; };
		B2C7561E1AA1A97900B148D3 /* TeamDetailTableViewController.m in Sources */ = {isa = PBXBuildFile; fileRef = B2C7561D1AA1A97900B148D3 /* TeamDetailTableViewController.m */; };
		B2C756251AA1BA8B00B148D3 /* Util.m in Sources */ = {isa = PBXBuildFile; fileRef = B2C756241AA1BA8B00B148D3 /* Util.m */; };
		B2CA60D31AE39BB800CC2533 /* CLPlacemark+PlacemarkHelpers.m in Sources */ = {isa = PBXBuildFile; fileRef = B2CA60D21AE39BB800CC2533 /* CLPlacemark+PlacemarkHelpers.m */; };
		B2E12A9C1ABEE74F00CB5202 /* UIView+ViewHelpers.m in Sources */ = {isa = PBXBuildFile; fileRef = B2E12A9B1ABEE74F00CB5202 /* UIView+ViewHelpers.m */; };
		B2E1AA6D1BE74178008347ED /* UIButton+ButtonHelpers.m in Sources */ = {isa = PBXBuildFile; fileRef = B2E1AA6C1BE74178008347ED /* UIButton+ButtonHelpers.m */; };
		B2E76A221AA64572004B55BB /* Team+TeamHelpers.m in Sources */ = {isa = PBXBuildFile; fileRef = B2E76A211AA64572004B55BB /* Team+TeamHelpers.m */; };
		B2E76A251AA6D0A3004B55BB /* TeamPointAnnotation.m in Sources */ = {isa = PBXBuildFile; fileRef = B2E76A241AA6D0A3004B55BB /* TeamPointAnnotation.m */; };
		B2EB5B701ABEE9F800FB3B5D /* BaseTextView.m in Sources */ = {isa = PBXBuildFile; fileRef = B2EB5B6F1ABEE9F800FB3B5D /* BaseTextView.m */; };
/* End PBXBuildFile section */

/* Begin PBXFileReference section */
		B2078B821A9DAF2A004AF662 /* MapKit.framework */ = {isa = PBXFileReference; lastKnownFileType = wrapper.framework; name = MapKit.framework; path = System/Library/Frameworks/MapKit.framework; sourceTree = SDKROOT; };
		B2078B851A9DB406004AF662 /* MainMapViewController.h */ = {isa = PBXFileReference; fileEncoding = 4; lastKnownFileType = sourcecode.c.h; path = MainMapViewController.h; sourceTree = "<group>"; };
		B2078B861A9DB406004AF662 /* MainMapViewController.m */ = {isa = PBXFileReference; fileEncoding = 4; lastKnownFileType = sourcecode.c.objc; lineEnding = 0; path = MainMapViewController.m; sourceTree = "<group>"; xcLanguageSpecificationIdentifier = xcode.lang.objc; };
		B2078B8E1A9DC043004AF662 /* ORNDataModelSource.h */ = {isa = PBXFileReference; lastKnownFileType = sourcecode.c.h; path = ORNDataModelSource.h; sourceTree = "<group>"; };
		B241B1DC1ABD408D0075C99E /* DatePickerTextField.h */ = {isa = PBXFileReference; fileEncoding = 4; lastKnownFileType = sourcecode.c.h; path = DatePickerTextField.h; sourceTree = "<group>"; };
		B241B1DD1ABD408D0075C99E /* DatePickerTextField.m */ = {isa = PBXFileReference; fileEncoding = 4; lastKnownFileType = sourcecode.c.objc; path = DatePickerTextField.m; sourceTree = "<group>"; };
		B241B1DF1ABD65330075C99E /* BasePickerTextField.h */ = {isa = PBXFileReference; fileEncoding = 4; lastKnownFileType = sourcecode.c.h; path = BasePickerTextField.h; sourceTree = "<group>"; };
		B241B1E01ABD65330075C99E /* BasePickerTextField.m */ = {isa = PBXFileReference; fileEncoding = 4; lastKnownFileType = sourcecode.c.objc; path = BasePickerTextField.m; sourceTree = "<group>"; };
		B24580B31AB5460B0090758E /* NSString+StringHelpers.h */ = {isa = PBXFileReference; fileEncoding = 4; lastKnownFileType = sourcecode.c.h; path = "NSString+StringHelpers.h"; sourceTree = "<group>"; };
		B24580B41AB5460B0090758E /* NSString+StringHelpers.m */ = {isa = PBXFileReference; fileEncoding = 4; lastKnownFileType = sourcecode.c.objc; path = "NSString+StringHelpers.m"; sourceTree = "<group>"; };
		B24580B61AB584C00090758E /* BaseNavigationController.h */ = {isa = PBXFileReference; fileEncoding = 4; lastKnownFileType = sourcecode.c.h; path = BaseNavigationController.h; sourceTree = "<group>"; };
		B24580B71AB584C00090758E /* BaseNavigationController.m */ = {isa = PBXFileReference; fileEncoding = 4; lastKnownFileType = sourcecode.c.objc; path = BaseNavigationController.m; sourceTree = "<group>"; };
		B24BFF911BCB7CD1000B2ACE /* NSCharacterSet+CharacterSetHelpers.h */ = {isa = PBXFileReference; fileEncoding = 4; lastKnownFileType = sourcecode.c.h; path = "NSCharacterSet+CharacterSetHelpers.h"; sourceTree = "<group>"; };
		B24BFF921BCB7CD1000B2ACE /* NSCharacterSet+CharacterSetHelpers.m */ = {isa = PBXFileReference; fileEncoding = 4; lastKnownFileType = sourcecode.c.objc; path = "NSCharacterSet+CharacterSetHelpers.m"; sourceTree = "<group>"; };
		B24D4FD01A9D98E0008A0C7A /* ORN-Ops.xcdatamodel */ = {isa = PBXFileReference; lastKnownFileType = wrapper.xcdatamodel; path = "ORN-Ops.xcdatamodel"; sourceTree = "<group>"; };
		B24DE0441BDE17A3004E7190 /* MKMapCamera+MapCameraHelpers.h */ = {isa = PBXFileReference; fileEncoding = 4; lastKnownFileType = sourcecode.c.h; path = "MKMapCamera+MapCameraHelpers.h"; sourceTree = "<group>"; };
		B24DE0451BDE17A3004E7190 /* MKMapCamera+MapCameraHelpers.m */ = {isa = PBXFileReference; fileEncoding = 4; lastKnownFileType = sourcecode.c.objc; path = "MKMapCamera+MapCameraHelpers.m"; sourceTree = "<group>"; };
		B25220311AA0412C00C3CE00 /* DemoUtil.h */ = {isa = PBXFileReference; fileEncoding = 4; lastKnownFileType = sourcecode.c.h; path = DemoUtil.h; sourceTree = "<group>"; };
		B25220321AA0412C00C3CE00 /* DemoUtil.m */ = {isa = PBXFileReference; fileEncoding = 4; lastKnownFileType = sourcecode.c.objc; lineEnding = 0; path = DemoUtil.m; sourceTree = "<group>"; xcLanguageSpecificationIdentifier = xcode.lang.objc; };
		B26709A71BE60E89006F3905 /* TeamAnnotationView.h */ = {isa = PBXFileReference; fileEncoding = 4; lastKnownFileType = sourcecode.c.h; path = TeamAnnotationView.h; sourceTree = "<group>"; };
		B26709A81BE60E89006F3905 /* TeamAnnotationView.m */ = {isa = PBXFileReference; fileEncoding = 4; lastKnownFileType = sourcecode.c.objc; path = TeamAnnotationView.m; sourceTree = "<group>"; };
		B27533431A9DA91700B3110C /* MainTabBarController.h */ = {isa = PBXFileReference; fileEncoding = 4; lastKnownFileType = sourcecode.c.h; path = MainTabBarController.h; sourceTree = "<group>"; };
		B27533441A9DA91700B3110C /* MainTabBarController.m */ = {isa = PBXFileReference; fileEncoding = 4; lastKnownFileType = sourcecode.c.objc; path = MainTabBarController.m; sourceTree = "<group>"; };
		B2761C8B1BAFD0FD0022402E /* Macros.h */ = {isa = PBXFileReference; lastKnownFileType = sourcecode.c.h; path = Macros.h; sourceTree = "<group>"; };
		B2761C8C1BAFFA0D0022402E /* NSNumber+NumberHelpers.h */ = {isa = PBXFileReference; fileEncoding = 4; lastKnownFileType = sourcecode.c.h; path = "NSNumber+NumberHelpers.h"; sourceTree = "<group>"; };
		B2761C8D1BAFFA0D0022402E /* NSNumber+NumberHelpers.m */ = {isa = PBXFileReference; fileEncoding = 4; lastKnownFileType = sourcecode.c.objc; path = "NSNumber+NumberHelpers.m"; sourceTree = "<group>"; };
		B27B4A6F1A9AB1FB009277E4 /* ORN-Ops.app */ = {isa = PBXFileReference; explicitFileType = wrapper.application; includeInIndex = 0; path = "ORN-Ops.app"; sourceTree = BUILT_PRODUCTS_DIR; };
		B27B4A731A9AB1FB009277E4 /* Info.plist */ = {isa = PBXFileReference; lastKnownFileType = text.plist.xml; path = Info.plist; sourceTree = "<group>"; };
		B27B4A741A9AB1FB009277E4 /* main.m */ = {isa = PBXFileReference; lastKnownFileType = sourcecode.c.objc; path = main.m; sourceTree = "<group>"; };
		B27B4A761A9AB1FB009277E4 /* AppDelegate.h */ = {isa = PBXFileReference; lastKnownFileType = sourcecode.c.h; path = AppDelegate.h; sourceTree = "<group>"; };
		B27B4A771A9AB1FB009277E4 /* AppDelegate.m */ = {isa = PBXFileReference; lastKnownFileType = sourcecode.c.objc; path = AppDelegate.m; sourceTree = "<group>"; };
		B27B4A801A9AB1FB009277E4 /* Base */ = {isa = PBXFileReference; lastKnownFileType = file.storyboard; name = Base; path = Base.lproj/Main.storyboard; sourceTree = "<group>"; };
		B27B4A821A9AB1FB009277E4 /* Images.xcassets */ = {isa = PBXFileReference; lastKnownFileType = folder.assetcatalog; path = Images.xcassets; sourceTree = "<group>"; };
		B27B4A851A9AB1FB009277E4 /* Base */ = {isa = PBXFileReference; lastKnownFileType = file.xib; name = Base; path = Base.lproj/LaunchScreen.xib; sourceTree = "<group>"; };
		B27CEDCF1ACE4D1F00512FA3 /* Ride+RideHelpers.h */ = {isa = PBXFileReference; fileEncoding = 4; lastKnownFileType = sourcecode.c.h; lineEnding = 0; path = "Ride+RideHelpers.h"; sourceTree = "<group>"; xcLanguageSpecificationIdentifier = xcode.lang.objcpp; };
		B27CEDD01ACE4D1F00512FA3 /* Ride+RideHelpers.m */ = {isa = PBXFileReference; fileEncoding = 4; lastKnownFileType = sourcecode.c.objc; lineEnding = 0; path = "Ride+RideHelpers.m"; sourceTree = "<group>"; xcLanguageSpecificationIdentifier = xcode.lang.objc; };
		B27CEDD51ACE852600512FA3 /* MKPolyline+PolylineHelpers.h */ = {isa = PBXFileReference; fileEncoding = 4; lastKnownFileType = sourcecode.c.h; path = "MKPolyline+PolylineHelpers.h"; sourceTree = "<group>"; };
		B27CEDD61ACE852600512FA3 /* MKPolyline+PolylineHelpers.m */ = {isa = PBXFileReference; fileEncoding = 4; lastKnownFileType = sourcecode.c.objc; path = "MKPolyline+PolylineHelpers.m"; sourceTree = "<group>"; };
		B28312241AAF2A8100B7C1A9 /* BasePolyline.h */ = {isa = PBXFileReference; fileEncoding = 4; lastKnownFileType = sourcecode.c.h; path = BasePolyline.h; sourceTree = "<group>"; };
		B28312251AAF2A8100B7C1A9 /* BasePolyline.m */ = {isa = PBXFileReference; fileEncoding = 4; lastKnownFileType = sourcecode.c.objc; path = BasePolyline.m; sourceTree = "<group>"; };
		B28312271AAF322C00B7C1A9 /* RidePolyline.h */ = {isa = PBXFileReference; fileEncoding = 4; lastKnownFileType = sourcecode.c.h; path = RidePolyline.h; sourceTree = "<group>"; };
		B28312281AAF322C00B7C1A9 /* RidePolyline.m */ = {isa = PBXFileReference; fileEncoding = 4; lastKnownFileType = sourcecode.c.objc; path = RidePolyline.m; sourceTree = "<group>"; };
		B28A347F1BC0861D00493E09 /* Ride+CoreDataProperties.h */ = {isa = PBXFileReference; fileEncoding = 4; lastKnownFileType = sourcecode.c.h; path = "Ride+CoreDataProperties.h"; sourceTree = "<group>"; };
		B28A34801BC0861D00493E09 /* Ride+CoreDataProperties.m */ = {isa = PBXFileReference; fileEncoding = 4; lastKnownFileType = sourcecode.c.objc; path = "Ride+CoreDataProperties.m"; sourceTree = "<group>"; };
		B28A34811BC0861D00493E09 /* Ride.h */ = {isa = PBXFileReference; fileEncoding = 4; lastKnownFileType = sourcecode.c.h; path = Ride.h; sourceTree = "<group>"; };
		B28A34821BC0861D00493E09 /* Ride.m */ = {isa = PBXFileReference; fileEncoding = 4; lastKnownFileType = sourcecode.c.objc; path = Ride.m; sourceTree = "<group>"; };
		B2907B821A9F1903008A0301 /* RidePointAnnotation.h */ = {isa = PBXFileReference; fileEncoding = 4; lastKnownFileType = sourcecode.c.h; path = RidePointAnnotation.h; sourceTree = "<group>"; };
		B2907B831A9F1903008A0301 /* RidePointAnnotation.m */ = {isa = PBXFileReference; fileEncoding = 4; lastKnownFileType = sourcecode.c.objc; path = RidePointAnnotation.m; sourceTree = "<group>"; };
		B29CD7691ABE9D3200B21579 /* NSDate+DateHelpers.h */ = {isa = PBXFileReference; fileEncoding = 4; lastKnownFileType = sourcecode.c.h; path = "NSDate+DateHelpers.h"; sourceTree = "<group>"; };
		B29CD76A1ABE9D3200B21579 /* NSDate+DateHelpers.m */ = {isa = PBXFileReference; fileEncoding = 4; lastKnownFileType = sourcecode.c.objc; path = "NSDate+DateHelpers.m"; sourceTree = "<group>"; };
		B2A1D9701BE0A83300AEE4DE /* Team+CoreDataProperties.h */ = {isa = PBXFileReference; fileEncoding = 4; lastKnownFileType = sourcecode.c.h; path = "Team+CoreDataProperties.h"; sourceTree = "<group>"; };
		B2A1D9711BE0A83300AEE4DE /* Team+CoreDataProperties.m */ = {isa = PBXFileReference; fileEncoding = 4; lastKnownFileType = sourcecode.c.objc; path = "Team+CoreDataProperties.m"; sourceTree = "<group>"; };
		B2A1D9721BE0A83300AEE4DE /* Team.h */ = {isa = PBXFileReference; fileEncoding = 4; lastKnownFileType = sourcecode.c.h; path = Team.h; sourceTree = "<group>"; };
		B2A1D9731BE0A83300AEE4DE /* Team.m */ = {isa = PBXFileReference; fileEncoding = 4; lastKnownFileType = sourcecode.c.objc; path = Team.m; sourceTree = "<group>"; };
		B2B116BD1AB9191500F22B00 /* PickerTextField.h */ = {isa = PBXFileReference; fileEncoding = 4; lastKnownFileType = sourcecode.c.h; path = PickerTextField.h; sourceTree = "<group>"; };
		B2B116BE1AB9191500F22B00 /* PickerTextField.m */ = {isa = PBXFileReference; fileEncoding = 4; lastKnownFileType = sourcecode.c.objc; path = PickerTextField.m; sourceTree = "<group>"; };
		B2B9BDE81BD5010400FDDD38 /* ORNDataObject.h */ = {isa = PBXFileReference; lastKnownFileType = sourcecode.c.h; path = ORNDataObject.h; sourceTree = "<group>"; };
		B2C756131AA1905E00B148D3 /* RidesTableViewController.h */ = {isa = PBXFileReference; fileEncoding = 4; lastKnownFileType = sourcecode.c.h; path = RidesTableViewController.h; sourceTree = "<group>"; };
		B2C756141AA1905E00B148D3 /* RidesTableViewController.m */ = {isa = PBXFileReference; fileEncoding = 4; lastKnownFileType = sourcecode.c.objc; lineEnding = 0; path = RidesTableViewController.m; sourceTree = "<group>"; xcLanguageSpecificationIdentifier = xcode.lang.objc; };
		B2C756161AA1912B00B148D3 /* RideDetailTableViewController.h */ = {isa = PBXFileReference; fileEncoding = 4; lastKnownFileType = sourcecode.c.h; path = RideDetailTableViewController.h; sourceTree = "<group>"; };
		B2C756171AA1912B00B148D3 /* RideDetailTableViewController.m */ = {isa = PBXFileReference; fileEncoding = 4; lastKnownFileType = sourcecode.c.objc; lineEnding = 0; path = RideDetailTableViewController.m; sourceTree = "<group>"; xcLanguageSpecificationIdentifier = xcode.lang.objc; };
		B2C756191AA1A64000B148D3 /* TeamsTableViewController.h */ = {isa = PBXFileReference; fileEncoding = 4; lastKnownFileType = sourcecode.c.h; path = TeamsTableViewController.h; sourceTree = "<group>"; };
		B2C7561A1AA1A83100B148D3 /* TeamsTableViewController.m */ = {isa = PBXFileReference; fileEncoding = 4; lastKnownFileType = sourcecode.c.objc; path = TeamsTableViewController.m; sourceTree = "<group>"; };
		B2C7561C1AA1A8B200B148D3 /* TeamDetailTableViewController.h */ = {isa = PBXFileReference; fileEncoding = 4; lastKnownFileType = sourcecode.c.h; path = TeamDetailTableViewController.h; sourceTree = "<group>"; };
		B2C7561D1AA1A97900B148D3 /* TeamDetailTableViewController.m */ = {isa = PBXFileReference; fileEncoding = 4; lastKnownFileType = sourcecode.c.objc; path = TeamDetailTableViewController.m; sourceTree = "<group>"; };
		B2C756231AA1BA8B00B148D3 /* Util.h */ = {isa = PBXFileReference; fileEncoding = 4; lastKnownFileType = sourcecode.c.h; path = Util.h; sourceTree = "<group>"; };
		B2C756241AA1BA8B00B148D3 /* Util.m */ = {isa = PBXFileReference; fileEncoding = 4; lastKnownFileType = sourcecode.c.objc; path = Util.m; sourceTree = "<group>"; };
		B2C756261AA1BBD000B148D3 /* PrefixHeader.pch */ = {isa = PBXFileReference; lastKnownFileType = sourcecode.c.h; path = PrefixHeader.pch; sourceTree = "<group>"; };
		B2CA60D11AE39BB800CC2533 /* CLPlacemark+PlacemarkHelpers.h */ = {isa = PBXFileReference; fileEncoding = 4; lastKnownFileType = sourcecode.c.h; path = "CLPlacemark+PlacemarkHelpers.h"; sourceTree = "<group>"; };
		B2CA60D21AE39BB800CC2533 /* CLPlacemark+PlacemarkHelpers.m */ = {isa = PBXFileReference; fileEncoding = 4; lastKnownFileType = sourcecode.c.objc; path = "CLPlacemark+PlacemarkHelpers.m"; sourceTree = "<group>"; };
		B2E12A9A1ABEE74F00CB5202 /* UIView+ViewHelpers.h */ = {isa = PBXFileReference; fileEncoding = 4; lastKnownFileType = sourcecode.c.h; path = "UIView+ViewHelpers.h"; sourceTree = "<group>"; };
		B2E12A9B1ABEE74F00CB5202 /* UIView+ViewHelpers.m */ = {isa = PBXFileReference; fileEncoding = 4; lastKnownFileType = sourcecode.c.objc; path = "UIView+ViewHelpers.m"; sourceTree = "<group>"; };
		B2E1AA6B1BE74178008347ED /* UIButton+ButtonHelpers.h */ = {isa = PBXFileReference; fileEncoding = 4; lastKnownFileType = sourcecode.c.h; path = "UIButton+ButtonHelpers.h"; sourceTree = "<group>"; };
		B2E1AA6C1BE74178008347ED /* UIButton+ButtonHelpers.m */ = {isa = PBXFileReference; fileEncoding = 4; lastKnownFileType = sourcecode.c.objc; path = "UIButton+ButtonHelpers.m"; sourceTree = "<group>"; };
		B2E76A201AA64572004B55BB /* Team+TeamHelpers.h */ = {isa = PBXFileReference; fileEncoding = 4; lastKnownFileType = sourcecode.c.h; path = "Team+TeamHelpers.h"; sourceTree = "<group>"; };
		B2E76A211AA64572004B55BB /* Team+TeamHelpers.m */ = {isa = PBXFileReference; fileEncoding = 4; lastKnownFileType = sourcecode.c.objc; path = "Team+TeamHelpers.m"; sourceTree = "<group>"; };
		B2E76A231AA6D0A3004B55BB /* TeamPointAnnotation.h */ = {isa = PBXFileReference; fileEncoding = 4; lastKnownFileType = sourcecode.c.h; path = TeamPointAnnotation.h; sourceTree = "<group>"; };
		B2E76A241AA6D0A3004B55BB /* TeamPointAnnotation.m */ = {isa = PBXFileReference; fileEncoding = 4; lastKnownFileType = sourcecode.c.objc; path = TeamPointAnnotation.m; sourceTree = "<group>"; };
		B2EB5B6E1ABEE9F800FB3B5D /* BaseTextView.h */ = {isa = PBXFileReference; fileEncoding = 4; lastKnownFileType = sourcecode.c.h; path = BaseTextView.h; sourceTree = "<group>"; };
		B2EB5B6F1ABEE9F800FB3B5D /* BaseTextView.m */ = {isa = PBXFileReference; fileEncoding = 4; lastKnownFileType = sourcecode.c.objc; path = BaseTextView.m; sourceTree = "<group>"; };
/* End PBXFileReference section */

/* Begin PBXFrameworksBuildPhase section */
		B27B4A6C1A9AB1FB009277E4 /* Frameworks */ = {
			isa = PBXFrameworksBuildPhase;
			buildActionMask = 2147483647;
			files = (
				B24C18711A9EF3D6008505BB /* MapKit.framework in Frameworks */,
			);
			runOnlyForDeploymentPostprocessing = 0;
		};
/* End PBXFrameworksBuildPhase section */

/* Begin PBXGroup section */
		B2078B841A9DAF30004AF662 /* Frameworks */ = {
			isa = PBXGroup;
			children = (
				B2078B821A9DAF2A004AF662 /* MapKit.framework */,
			);
			name = Frameworks;
			sourceTree = "<group>";
		};
		B241B1DB1ABD35CA0075C99E /* Controls */ = {
			isa = PBXGroup;
			children = (
				B2EB5B6E1ABEE9F800FB3B5D /* BaseTextView.h */,
				B2EB5B6F1ABEE9F800FB3B5D /* BaseTextView.m */,
				B241B1DF1ABD65330075C99E /* BasePickerTextField.h */,
				B241B1E01ABD65330075C99E /* BasePickerTextField.m */,
				B2B116BD1AB9191500F22B00 /* PickerTextField.h */,
				B2B116BE1AB9191500F22B00 /* PickerTextField.m */,
				B241B1DC1ABD408D0075C99E /* DatePickerTextField.h */,
				B241B1DD1ABD408D0075C99E /* DatePickerTextField.m */,
			);
			name = Controls;
			sourceTree = "<group>";
		};
		B24580B91AB58C1B0090758E /* General */ = {
			isa = PBXGroup;
			children = (
				B24580B61AB584C00090758E /* BaseNavigationController.h */,
				B24580B71AB584C00090758E /* BaseNavigationController.m */,
			);
			name = General;
			sourceTree = "<group>";
		};
		B24D4FD21A9D98E9008A0C7A /* Generated */ = {
			isa = PBXGroup;
			children = (
				B2A1D9701BE0A83300AEE4DE /* Team+CoreDataProperties.h */,
				B2A1D9711BE0A83300AEE4DE /* Team+CoreDataProperties.m */,
				B2A1D9721BE0A83300AEE4DE /* Team.h */,
				B2A1D9731BE0A83300AEE4DE /* Team.m */,
				B28A347F1BC0861D00493E09 /* Ride+CoreDataProperties.h */,
				B28A34801BC0861D00493E09 /* Ride+CoreDataProperties.m */,
				B28A34811BC0861D00493E09 /* Ride.h */,
				B28A34821BC0861D00493E09 /* Ride.m */,
			);
			name = Generated;
			sourceTree = "<group>";
		};
		B25220301A9F391D00C3CE00 /* Data Model */ = {
			isa = PBXGroup;
			children = (
				B24D4FCF1A9D98E0008A0C7A /* ORN-Ops.xcdatamodeld */,
				B24D4FD21A9D98E9008A0C7A /* Generated */,
				B29CD76D1ABE9D9C00B21579 /* Categories */,
			);
			name = "Data Model";
			sourceTree = "<group>";
		};
		B25220341AA0415400C3CE00 /* Demo */ = {
			isa = PBXGroup;
			children = (
				B25220311AA0412C00C3CE00 /* DemoUtil.h */,
				B25220321AA0412C00C3CE00 /* DemoUtil.m */,
			);
			name = Demo;
			sourceTree = "<group>";
		};
		B25220351AA0441A00C3CE00 /* Storyboards */ = {
			isa = PBXGroup;
			children = (
				B27B4A7F1A9AB1FB009277E4 /* Main.storyboard */,
			);
			name = Storyboards;
			sourceTree = "<group>";
		};
		B25220361AA0444200C3CE00 /* Controllers */ = {
			isa = PBXGroup;
			children = (
				B2C756211AA1AD1400B148D3 /* Main Map */,
				B2C756201AA1AD0A00B148D3 /* Rides */,
				B2C7561F1AA1ACFE00B148D3 /* Teams */,
				B2C756221AA1AD4200B148D3 /* Main Tab Bar */,
				B24580B91AB58C1B0090758E /* General */,
			);
			name = Controllers;
			sourceTree = "<group>";
		};
		B25220371AA044B000C3CE00 /* Map Helpers */ = {
			isa = PBXGroup;
			children = (
				B2907B821A9F1903008A0301 /* RidePointAnnotation.h */,
				B2907B831A9F1903008A0301 /* RidePointAnnotation.m */,
				B2E76A231AA6D0A3004B55BB /* TeamPointAnnotation.h */,
				B2E76A241AA6D0A3004B55BB /* TeamPointAnnotation.m */,
				B26709A71BE60E89006F3905 /* TeamAnnotationView.h */,
				B26709A81BE60E89006F3905 /* TeamAnnotationView.m */,
				B28312241AAF2A8100B7C1A9 /* BasePolyline.h */,
				B28312251AAF2A8100B7C1A9 /* BasePolyline.m */,
				B28312271AAF322C00B7C1A9 /* RidePolyline.h */,
				B28312281AAF322C00B7C1A9 /* RidePolyline.m */,
			);
			name = "Map Helpers";
			sourceTree = "<group>";
		};
		B261725E1A9E595D00BB7D67 /* Protocols */ = {
			isa = PBXGroup;
			children = (
				B2B9BDE81BD5010400FDDD38 /* ORNDataObject.h */,
				B2078B8E1A9DC043004AF662 /* ORNDataModelSource.h */,
			);
			name = Protocols;
			sourceTree = "<group>";
		};
		B27B4A661A9AB1FB009277E4 = {
			isa = PBXGroup;
			children = (
				B27B4A711A9AB1FB009277E4 /* ORN-Ops */,
				B27B4A701A9AB1FB009277E4 /* Products */,
				B2078B841A9DAF30004AF662 /* Frameworks */,
			);
			sourceTree = "<group>";
		};
		B27B4A701A9AB1FB009277E4 /* Products */ = {
			isa = PBXGroup;
			children = (
				B27B4A6F1A9AB1FB009277E4 /* ORN-Ops.app */,
			);
			name = Products;
			sourceTree = "<group>";
		};
		B27B4A711A9AB1FB009277E4 /* ORN-Ops */ = {
			isa = PBXGroup;
			children = (
				B25220351AA0441A00C3CE00 /* Storyboards */,
				B25220301A9F391D00C3CE00 /* Data Model */,
				B25220361AA0444200C3CE00 /* Controllers */,
				B27B4A721A9AB1FB009277E4 /* Supporting Files */,
			);
			path = "ORN-Ops";
			sourceTree = "<group>";
		};
		B27B4A721A9AB1FB009277E4 /* Supporting Files */ = {
			isa = PBXGroup;
			children = (
				B261725E1A9E595D00BB7D67 /* Protocols */,
				B241B1DB1ABD35CA0075C99E /* Controls */,
				B25220371AA044B000C3CE00 /* Map Helpers */,
				B25220341AA0415400C3CE00 /* Demo */,
				B29CD76C1ABE9D6600B21579 /* Categories */,
				B27B4A761A9AB1FB009277E4 /* AppDelegate.h */,
				B27B4A771A9AB1FB009277E4 /* AppDelegate.m */,
				B2761C8B1BAFD0FD0022402E /* Macros.h */,
				B2C756231AA1BA8B00B148D3 /* Util.h */,
				B2C756241AA1BA8B00B148D3 /* Util.m */,
				B2C756261AA1BBD000B148D3 /* PrefixHeader.pch */,
				B27B4A841A9AB1FB009277E4 /* LaunchScreen.xib */,
				B27B4A821A9AB1FB009277E4 /* Images.xcassets */,
				B27B4A731A9AB1FB009277E4 /* Info.plist */,
				B27B4A741A9AB1FB009277E4 /* main.m */,
			);
			name = "Supporting Files";
			sourceTree = "<group>";
		};
		B29CD76C1ABE9D6600B21579 /* Categories */ = {
			isa = PBXGroup;
			children = (
				B2761C8C1BAFFA0D0022402E /* NSNumber+NumberHelpers.h */,
				B2761C8D1BAFFA0D0022402E /* NSNumber+NumberHelpers.m */,
				B24BFF911BCB7CD1000B2ACE /* NSCharacterSet+CharacterSetHelpers.h */,
				B24BFF921BCB7CD1000B2ACE /* NSCharacterSet+CharacterSetHelpers.m */,
				B24580B31AB5460B0090758E /* NSString+StringHelpers.h */,
				B24580B41AB5460B0090758E /* NSString+StringHelpers.m */,
				B29CD7691ABE9D3200B21579 /* NSDate+DateHelpers.h */,
				B29CD76A1ABE9D3200B21579 /* NSDate+DateHelpers.m */,
				B2CA60D11AE39BB800CC2533 /* CLPlacemark+PlacemarkHelpers.h */,
				B2CA60D21AE39BB800CC2533 /* CLPlacemark+PlacemarkHelpers.m */,
				B27CEDD51ACE852600512FA3 /* MKPolyline+PolylineHelpers.h */,
				B27CEDD61ACE852600512FA3 /* MKPolyline+PolylineHelpers.m */,
				B24DE0441BDE17A3004E7190 /* MKMapCamera+MapCameraHelpers.h */,
				B24DE0451BDE17A3004E7190 /* MKMapCamera+MapCameraHelpers.m */,
				B2E12A9A1ABEE74F00CB5202 /* UIView+ViewHelpers.h */,
				B2E12A9B1ABEE74F00CB5202 /* UIView+ViewHelpers.m */,
				B2E1AA6B1BE74178008347ED /* UIButton+ButtonHelpers.h */,
				B2E1AA6C1BE74178008347ED /* UIButton+ButtonHelpers.m */,
			);
			name = Categories;
			sourceTree = "<group>";
		};
		B29CD76D1ABE9D9C00B21579 /* Categories */ = {
			isa = PBXGroup;
			children = (
				B27CEDCF1ACE4D1F00512FA3 /* Ride+RideHelpers.h */,
				B27CEDD01ACE4D1F00512FA3 /* Ride+RideHelpers.m */,
				B2E76A201AA64572004B55BB /* Team+TeamHelpers.h */,
				B2E76A211AA64572004B55BB /* Team+TeamHelpers.m */,
			);
			name = Categories;
			sourceTree = "<group>";
		};
		B2C7561F1AA1ACFE00B148D3 /* Teams */ = {
			isa = PBXGroup;
			children = (
				B2C756191AA1A64000B148D3 /* TeamsTableViewController.h */,
				B2C7561A1AA1A83100B148D3 /* TeamsTableViewController.m */,
				B2C7561C1AA1A8B200B148D3 /* TeamDetailTableViewController.h */,
				B2C7561D1AA1A97900B148D3 /* TeamDetailTableViewController.m */,
			);
			name = Teams;
			sourceTree = "<group>";
		};
		B2C756201AA1AD0A00B148D3 /* Rides */ = {
			isa = PBXGroup;
			children = (
				B2C756131AA1905E00B148D3 /* RidesTableViewController.h */,
				B2C756141AA1905E00B148D3 /* RidesTableViewController.m */,
				B2C756161AA1912B00B148D3 /* RideDetailTableViewController.h */,
				B2C756171AA1912B00B148D3 /* RideDetailTableViewController.m */,
			);
			name = Rides;
			sourceTree = "<group>";
		};
		B2C756211AA1AD1400B148D3 /* Main Map */ = {
			isa = PBXGroup;
			children = (
				B2078B851A9DB406004AF662 /* MainMapViewController.h */,
				B2078B861A9DB406004AF662 /* MainMapViewController.m */,
			);
			name = "Main Map";
			sourceTree = "<group>";
		};
		B2C756221AA1AD4200B148D3 /* Main Tab Bar */ = {
			isa = PBXGroup;
			children = (
				B27533431A9DA91700B3110C /* MainTabBarController.h */,
				B27533441A9DA91700B3110C /* MainTabBarController.m */,
			);
			name = "Main Tab Bar";
			sourceTree = "<group>";
		};
/* End PBXGroup section */

/* Begin PBXNativeTarget section */
		B27B4A6E1A9AB1FB009277E4 /* ORN-Ops */ = {
			isa = PBXNativeTarget;
			buildConfigurationList = B27B4A951A9AB1FB009277E4 /* Build configuration list for PBXNativeTarget "ORN-Ops" */;
			buildPhases = (
				B27B4A6B1A9AB1FB009277E4 /* Sources */,
				B27B4A6C1A9AB1FB009277E4 /* Frameworks */,
				B27B4A6D1A9AB1FB009277E4 /* Resources */,
			);
			buildRules = (
			);
			dependencies = (
			);
			name = "ORN-Ops";
			productName = "ORN-Ops";
			productReference = B27B4A6F1A9AB1FB009277E4 /* ORN-Ops.app */;
			productType = "com.apple.product-type.application";
		};
/* End PBXNativeTarget section */

/* Begin PBXProject section */
		B27B4A671A9AB1FB009277E4 /* Project object */ = {
			isa = PBXProject;
			attributes = {
				LastUpgradeCheck = 0700;
				ORGANIZATIONNAME = "Empath Solutions";
				TargetAttributes = {
					B27B4A6E1A9AB1FB009277E4 = {
						CreatedOnToolsVersion = 6.1.1;
						DevelopmentTeam = 6PP44SJ65P;
						SystemCapabilities = {
							com.apple.Maps.iOS = {
								enabled = 1;
							};
						};
					};
				};
			};
			buildConfigurationList = B27B4A6A1A9AB1FB009277E4 /* Build configuration list for PBXProject "ORN-Ops" */;
			compatibilityVersion = "Xcode 6.3";
			developmentRegion = English;
			hasScannedForEncodings = 0;
			knownRegions = (
				en,
				Base,
			);
			mainGroup = B27B4A661A9AB1FB009277E4;
			productRefGroup = B27B4A701A9AB1FB009277E4 /* Products */;
			projectDirPath = "";
			projectRoot = "";
			targets = (
				B27B4A6E1A9AB1FB009277E4 /* ORN-Ops */,
			);
		};
/* End PBXProject section */

/* Begin PBXResourcesBuildPhase section */
		B27B4A6D1A9AB1FB009277E4 /* Resources */ = {
			isa = PBXResourcesBuildPhase;
			buildActionMask = 2147483647;
			files = (
				B27B4A811A9AB1FB009277E4 /* Main.storyboard in Resources */,
				B27B4A861A9AB1FB009277E4 /* LaunchScreen.xib in Resources */,
				B27B4A831A9AB1FB009277E4 /* Images.xcassets in Resources */,
			);
			runOnlyForDeploymentPostprocessing = 0;
		};
/* End PBXResourcesBuildPhase section */

/* Begin PBXSourcesBuildPhase section */
		B27B4A6B1A9AB1FB009277E4 /* Sources */ = {
			isa = PBXSourcesBuildPhase;
			buildActionMask = 2147483647;
			files = (
				B24580B81AB584C00090758E /* BaseNavigationController.m in Sources */,
				B2A1D9741BE0A83300AEE4DE /* Team+CoreDataProperties.m in Sources */,
				B26709A91BE60E89006F3905 /* TeamAnnotationView.m in Sources */,
				B2907B841A9F1903008A0301 /* RidePointAnnotation.m in Sources */,
				B241B1E11ABD65330075C99E /* BasePickerTextField.m in Sources */,
				B2C7561E1AA1A97900B148D3 /* TeamDetailTableViewController.m in Sources */,
				B24DE0461BDE17A3004E7190 /* MKMapCamera+MapCameraHelpers.m in Sources */,
				B2E1AA6D1BE74178008347ED /* UIButton+ButtonHelpers.m in Sources */,
				B24580B51AB5460B0090758E /* NSString+StringHelpers.m in Sources */,
				B2E76A251AA6D0A3004B55BB /* TeamPointAnnotation.m in Sources */,
				B25220331AA0412C00C3CE00 /* DemoUtil.m in Sources */,
				B27533451A9DA91700B3110C /* MainTabBarController.m in Sources */,
				B2A1D9751BE0A83300AEE4DE /* Team.m in Sources */,
				B2C756251AA1BA8B00B148D3 /* Util.m in Sources */,
				B29CD76B1ABE9D3200B21579 /* NSDate+DateHelpers.m in Sources */,
				B241B1DE1ABD408D0075C99E /* DatePickerTextField.m in Sources */,
				B2B116BF1AB9191500F22B00 /* PickerTextField.m in Sources */,
				B27B4A781A9AB1FB009277E4 /* AppDelegate.m in Sources */,
				B2078B871A9DB406004AF662 /* MainMapViewController.m in Sources */,
				B2C756151AA1905E00B148D3 /* RidesTableViewController.m in Sources */,
				B28A34881BC0861D00493E09 /* Ride.m in Sources */,
				B2E12A9C1ABEE74F00CB5202 /* UIView+ViewHelpers.m in Sources */,
				B2E76A221AA64572004B55BB /* Team+TeamHelpers.m in Sources */,
				B24BFF931BCB7CD1000B2ACE /* NSCharacterSet+CharacterSetHelpers.m in Sources */,
				B27CEDD11ACE4D1F00512FA3 /* Ride+RideHelpers.m in Sources */,
				B28312261AAF2A8100B7C1A9 /* BasePolyline.m in Sources */,
				B2EB5B701ABEE9F800FB3B5D /* BaseTextView.m in Sources */,
				B2761C8E1BAFFA0D0022402E /* NSNumber+NumberHelpers.m in Sources */,
				B28312291AAF322C00B7C1A9 /* RidePolyline.m in Sources */,
				B2C756181AA1912B00B148D3 /* RideDetailTableViewController.m in Sources */,
				B27CEDD71ACE852600512FA3 /* MKPolyline+PolylineHelpers.m in Sources */,
				B24D4FD11A9D98E0008A0C7A /* ORN-Ops.xcdatamodeld in Sources */,
				B2CA60D31AE39BB800CC2533 /* CLPlacemark+PlacemarkHelpers.m in Sources */,
				B2C7561B1AA1A83100B148D3 /* TeamsTableViewController.m in Sources */,
				B28A34871BC0861D00493E09 /* Ride+CoreDataProperties.m in Sources */,
				B27B4A751A9AB1FB009277E4 /* main.m in Sources */,
			);
			runOnlyForDeploymentPostprocessing = 0;
		};
/* End PBXSourcesBuildPhase section */

/* Begin PBXVariantGroup section */
		B27B4A7F1A9AB1FB009277E4 /* Main.storyboard */ = {
			isa = PBXVariantGroup;
			children = (
				B27B4A801A9AB1FB009277E4 /* Base */,
			);
			name = Main.storyboard;
			sourceTree = "<group>";
		};
		B27B4A841A9AB1FB009277E4 /* LaunchScreen.xib */ = {
			isa = PBXVariantGroup;
			children = (
				B27B4A851A9AB1FB009277E4 /* Base */,
			);
			name = LaunchScreen.xib;
			sourceTree = "<group>";
		};
/* End PBXVariantGroup section */

/* Begin XCBuildConfiguration section */
		B27B4A931A9AB1FB009277E4 /* Debug */ = {
			isa = XCBuildConfiguration;
			buildSettings = {
				ALWAYS_SEARCH_USER_PATHS = NO;
				CLANG_CXX_LANGUAGE_STANDARD = "gnu++0x";
				CLANG_CXX_LIBRARY = "libc++";
				CLANG_ENABLE_MODULES = YES;
				CLANG_ENABLE_OBJC_ARC = YES;
				CLANG_WARN_BOOL_CONVERSION = YES;
				CLANG_WARN_CONSTANT_CONVERSION = YES;
				CLANG_WARN_DIRECT_OBJC_ISA_USAGE = YES_ERROR;
				CLANG_WARN_EMPTY_BODY = YES;
				CLANG_WARN_ENUM_CONVERSION = YES;
				CLANG_WARN_INT_CONVERSION = YES;
				CLANG_WARN_OBJC_ROOT_CLASS = YES_ERROR;
				CLANG_WARN_UNREACHABLE_CODE = YES;
				CLANG_WARN__DUPLICATE_METHOD_MATCH = YES;
				"CODE_SIGN_IDENTITY[sdk=iphoneos*]" = "iPhone Developer";
				COPY_PHASE_STRIP = NO;
				ENABLE_STRICT_OBJC_MSGSEND = YES;
				ENABLE_TESTABILITY = YES;
				GCC_C_LANGUAGE_STANDARD = gnu99;
				GCC_DYNAMIC_NO_PIC = NO;
				GCC_OPTIMIZATION_LEVEL = 0;
				GCC_PREFIX_HEADER = "$(SRCROOT)/ORN-Ops/PrefixHeader.pch";
				GCC_PREPROCESSOR_DEFINITIONS = (
					"DEBUG=1",
					"$(inherited)",
				);
				GCC_SYMBOLS_PRIVATE_EXTERN = NO;
				GCC_WARN_64_TO_32_BIT_CONVERSION = YES;
				GCC_WARN_ABOUT_RETURN_TYPE = YES_ERROR;
				GCC_WARN_UNDECLARED_SELECTOR = YES;
				GCC_WARN_UNINITIALIZED_AUTOS = YES_AGGRESSIVE;
				GCC_WARN_UNUSED_FUNCTION = YES;
				GCC_WARN_UNUSED_VARIABLE = YES;
				IPHONEOS_DEPLOYMENT_TARGET = 8.1;
				MTL_ENABLE_DEBUG_INFO = YES;
				ONLY_ACTIVE_ARCH = YES;
				SDKROOT = iphoneos;
				TARGETED_DEVICE_FAMILY = "1,2";
			};
			name = Debug;
		};
		B27B4A941A9AB1FB009277E4 /* Release */ = {
			isa = XCBuildConfiguration;
			buildSettings = {
				ALWAYS_SEARCH_USER_PATHS = NO;
				CLANG_CXX_LANGUAGE_STANDARD = "gnu++0x";
				CLANG_CXX_LIBRARY = "libc++";
				CLANG_ENABLE_MODULES = YES;
				CLANG_ENABLE_OBJC_ARC = YES;
				CLANG_WARN_BOOL_CONVERSION = YES;
				CLANG_WARN_CONSTANT_CONVERSION = YES;
				CLANG_WARN_DIRECT_OBJC_ISA_USAGE = YES_ERROR;
				CLANG_WARN_EMPTY_BODY = YES;
				CLANG_WARN_ENUM_CONVERSION = YES;
				CLANG_WARN_INT_CONVERSION = YES;
				CLANG_WARN_OBJC_ROOT_CLASS = YES_ERROR;
				CLANG_WARN_UNREACHABLE_CODE = YES;
				CLANG_WARN__DUPLICATE_METHOD_MATCH = YES;
				"CODE_SIGN_IDENTITY[sdk=iphoneos*]" = "iPhone Developer";
				COPY_PHASE_STRIP = YES;
				ENABLE_NS_ASSERTIONS = NO;
				ENABLE_STRICT_OBJC_MSGSEND = YES;
				GCC_C_LANGUAGE_STANDARD = gnu99;
				GCC_PREFIX_HEADER = "$(SRCROOT)/ORN-Ops/PrefixHeader.pch";
				GCC_WARN_64_TO_32_BIT_CONVERSION = YES;
				GCC_WARN_ABOUT_RETURN_TYPE = YES_ERROR;
				GCC_WARN_UNDECLARED_SELECTOR = YES;
				GCC_WARN_UNINITIALIZED_AUTOS = YES_AGGRESSIVE;
				GCC_WARN_UNUSED_FUNCTION = YES;
				GCC_WARN_UNUSED_VARIABLE = YES;
				IPHONEOS_DEPLOYMENT_TARGET = 8.1;
				MTL_ENABLE_DEBUG_INFO = NO;
				SDKROOT = iphoneos;
				TARGETED_DEVICE_FAMILY = "1,2";
				VALIDATE_PRODUCT = YES;
			};
			name = Release;
		};
		B27B4A961A9AB1FB009277E4 /* Debug */ = {
			isa = XCBuildConfiguration;
			buildSettings = {
				ASSETCATALOG_COMPILER_APPICON_NAME = AppIcon;
				CODE_SIGN_IDENTITY = "iPhone Developer";
				"CODE_SIGN_IDENTITY[sdk=iphoneos*]" = "iPhone Developer";
				INFOPLIST_FILE = "ORN-Ops/Info.plist";
				LD_RUNPATH_SEARCH_PATHS = "$(inherited) @executable_path/Frameworks";
				PRODUCT_BUNDLE_IDENTIFIER = "-johnny.$(PRODUCT_NAME:rfc1034identifier)";
				PRODUCT_NAME = "$(TARGET_NAME)";
				PROVISIONING_PROFILE = "";
			};
			name = Debug;
		};
		B27B4A971A9AB1FB009277E4 /* Release */ = {
			isa = XCBuildConfiguration;
			buildSettings = {
				ASSETCATALOG_COMPILER_APPICON_NAME = AppIcon;
				CODE_SIGN_IDENTITY = "iPhone Developer";
				"CODE_SIGN_IDENTITY[sdk=iphoneos*]" = "iPhone Developer";
				INFOPLIST_FILE = "ORN-Ops/Info.plist";
				LD_RUNPATH_SEARCH_PATHS = "$(inherited) @executable_path/Frameworks";
				PRODUCT_BUNDLE_IDENTIFIER = "-johnny.$(PRODUCT_NAME:rfc1034identifier)";
				PRODUCT_NAME = "$(TARGET_NAME)";
				PROVISIONING_PROFILE = "";
			};
			name = Release;
		};
/* End XCBuildConfiguration section */

/* Begin XCConfigurationList section */
		B27B4A6A1A9AB1FB009277E4 /* Build configuration list for PBXProject "ORN-Ops" */ = {
			isa = XCConfigurationList;
			buildConfigurations = (
				B27B4A931A9AB1FB009277E4 /* Debug */,
				B27B4A941A9AB1FB009277E4 /* Release */,
			);
			defaultConfigurationIsVisible = 0;
			defaultConfigurationName = Release;
		};
		B27B4A951A9AB1FB009277E4 /* Build configuration list for PBXNativeTarget "ORN-Ops" */ = {
			isa = XCConfigurationList;
			buildConfigurations = (
				B27B4A961A9AB1FB009277E4 /* Debug */,
				B27B4A971A9AB1FB009277E4 /* Release */,
			);
			defaultConfigurationIsVisible = 0;
			defaultConfigurationName = Release;
		};
/* End XCConfigurationList section */

/* Begin XCVersionGroup section */
		B24D4FCF1A9D98E0008A0C7A /* ORN-Ops.xcdatamodeld */ = {
			isa = XCVersionGroup;
			children = (
				B24D4FD01A9D98E0008A0C7A /* ORN-Ops.xcdatamodel */,
			);
			currentVersion = B24D4FD01A9D98E0008A0C7A /* ORN-Ops.xcdatamodel */;
			path = "ORN-Ops.xcdatamodeld";
			sourceTree = "<group>";
			versionGroupType = wrapper.xcdatamodel;
		};
/* End XCVersionGroup section */
	};
	rootObject = B27B4A671A9AB1FB009277E4 /* Project object */;
}
